
Microsoft Visual Studio Solution File, Format Version 12.00
# Visual Studio Version 16
VisualStudioVersion = 16.0.30204.135
MinimumVisualStudioVersion = 10.0.40219.1
Project("{FAE04EC0-301F-11D3-BF4B-00C04F79EFBC}") = "PADataToDatabase", "PADataToDatabase\PADataToDatabase.csproj", "{D15E96A6-9DDF-494D-B0E6-8EC00C507799}"
EndProject
Global
	GlobalSection(SolutionConfigurationPlatforms) = preSolution
		Debug|Any CPU = Debug|Any CPU
		Release|Any CPU = Release|Any CPU
	EndGlobalSection
	GlobalSection(ProjectConfigurationPlatforms) = postSolution
		{D15E96A6-9DDF-494D-B0E6-8EC00C507799}.Debug|Any CPU.ActiveCfg = Debug|Any CPU
		{D15E96A6-9DDF-494D-B0E6-8EC00C507799}.Debug|Any CPU.Build.0 = Debug|Any CPU
		{D15E96A6-9DDF-494D-B0E6-8EC00C507799}.Release|Any CPU.ActiveCfg = Release|Any CPU
		{D15E96A6-9DDF-494D-B0E6-8EC00C507799}.Release|Any CPU.Build.0 = Release|Any CPU
	EndGlobalSection
	GlobalSection(SolutionProperties) = preSolution
		HideSolutionNode = FALSE
	EndGlobalSection
	GlobalSection(ExtensibilityGlobals) = postSolution
		SolutionGuid = {A6A332EA-064C-4369-8D7C-9AF1ED82F42B}
	EndGlobalSection
EndGlobal
